// !$*UTF8*$!
{
	archiveVersion = 1;
	classes = {
	};
	objectVersion = 56;
	objects = {

/* Begin PBXBuildFile section */
		813155D629CA21D0007A8532 /* food_orderingApp.swift in Sources */ = {isa = PBXBuildFile; fileRef = 813155D529CA21D0007A8532 /* food_orderingApp.swift */; };
		813155D829CA21D0007A8532 /* ContentView.swift in Sources */ = {isa = PBXBuildFile; fileRef = 813155D729CA21D0007A8532 /* ContentView.swift */; };
		813155DA29CA21D2007A8532 /* Assets.xcassets in Resources */ = {isa = PBXBuildFile; fileRef = 813155D929CA21D2007A8532 /* Assets.xcassets */; };
		813155DD29CA21D2007A8532 /* Preview Assets.xcassets in Resources */ = {isa = PBXBuildFile; fileRef = 813155DC29CA21D2007A8532 /* Preview Assets.xcassets */; };
		813155E729CA21D3007A8532 /* food_orderingTests.swift in Sources */ = {isa = PBXBuildFile; fileRef = 813155E629CA21D3007A8532 /* food_orderingTests.swift */; };
		813155F129CA21D3007A8532 /* food_orderingUITests.swift in Sources */ = {isa = PBXBuildFile; fileRef = 813155F029CA21D3007A8532 /* food_orderingUITests.swift */; };
		813155F329CA21D3007A8532 /* food_orderingUITestsLaunchTests.swift in Sources */ = {isa = PBXBuildFile; fileRef = 813155F229CA21D3007A8532 /* food_orderingUITestsLaunchTests.swift */; };
		8131560529D4484B007A8532 /* fooditem.json in Resources */ = {isa = PBXBuildFile; fileRef = 8131560429D4484B007A8532 /* fooditem.json */; };
/* End PBXBuildFile section */

/* Begin PBXContainerItemProxy section */
		813155E329CA21D3007A8532 /* PBXContainerItemProxy */ = {
			isa = PBXContainerItemProxy;
			containerPortal = 813155CA29CA21D0007A8532 /* Project object */;
			proxyType = 1;
			remoteGlobalIDString = 813155D129CA21D0007A8532;
			remoteInfo = "food ordering";
		};
		813155ED29CA21D3007A8532 /* PBXContainerItemProxy */ = {
			isa = PBXContainerItemProxy;
			containerPortal = 813155CA29CA21D0007A8532 /* Project object */;
			proxyType = 1;
			remoteGlobalIDString = 813155D129CA21D0007A8532;
			remoteInfo = "food ordering";
		};
/* End PBXContainerItemProxy section */

/* Begin PBXFileReference section */
		813155D229CA21D0007A8532 /* food ordering.app */ = {isa = PBXFileReference; explicitFileType = wrapper.application; includeInIndex = 0; path = "food ordering.app"; sourceTree = BUILT_PRODUCTS_DIR; };
		813155D529CA21D0007A8532 /* food_orderingApp.swift */ = {isa = PBXFileReference; lastKnownFileType = sourcecode.swift; path = food_orderingApp.swift; sourceTree = "<group>"; };
		813155D729CA21D0007A8532 /* ContentView.swift */ = {isa = PBXFileReference; lastKnownFileType = sourcecode.swift; path = ContentView.swift; sourceTree = "<group>"; };
		813155D929CA21D2007A8532 /* Assets.xcassets */ = {isa = PBXFileReference; lastKnownFileType = folder.assetcatalog; path = Assets.xcassets; sourceTree = "<group>"; };
		813155DC29CA21D2007A8532 /* Preview Assets.xcassets */ = {isa = PBXFileReference; lastKnownFileType = folder.assetcatalog; path = "Preview Assets.xcassets"; sourceTree = "<group>"; };
		813155E229CA21D3007A8532 /* food orderingTests.xctest */ = {isa = PBXFileReference; explicitFileType = wrapper.cfbundle; includeInIndex = 0; path = "food orderingTests.xctest"; sourceTree = BUILT_PRODUCTS_DIR; };
		813155E629CA21D3007A8532 /* food_orderingTests.swift */ = {isa = PBXFileReference; lastKnownFileType = sourcecode.swift; path = food_orderingTests.swift; sourceTree = "<group>"; };
		813155EC29CA21D3007A8532 /* food orderingUITests.xctest */ = {isa = PBXFileReference; explicitFileType = wrapper.cfbundle; includeInIndex = 0; path = "food orderingUITests.xctest"; sourceTree = BUILT_PRODUCTS_DIR; };
		813155F029CA21D3007A8532 /* food_orderingUITests.swift */ = {isa = PBXFileReference; lastKnownFileType = sourcecode.swift; path = food_orderingUITests.swift; sourceTree = "<group>"; };
		813155F229CA21D3007A8532 /* food_orderingUITestsLaunchTests.swift */ = {isa = PBXFileReference; lastKnownFileType = sourcecode.swift; path = food_orderingUITestsLaunchTests.swift; sourceTree = "<group>"; };
		8131560429D4484B007A8532 /* fooditem.json */ = {isa = PBXFileReference; fileEncoding = 4; lastKnownFileType = text.json; path = fooditem.json; sourceTree = SOURCE_ROOT; };
/* End PBXFileReference section */

/* Begin PBXFrameworksBuildPhase section */
		813155CF29CA21D0007A8532 /* Frameworks */ = {
			isa = PBXFrameworksBuildPhase;
			buildActionMask = 2147483647;
			files = (
			);
			runOnlyForDeploymentPostprocessing = 0;
		};
		813155DF29CA21D3007A8532 /* Frameworks */ = {
			isa = PBXFrameworksBuildPhase;
			buildActionMask = 2147483647;
			files = (
			);
			runOnlyForDeploymentPostprocessing = 0;
		};
		813155E929CA21D3007A8532 /* Frameworks */ = {
			isa = PBXFrameworksBuildPhase;
			buildActionMask = 2147483647;
			files = (
			);
			runOnlyForDeploymentPostprocessing = 0;
		};
/* End PBXFrameworksBuildPhase section */

/* Begin PBXGroup section */
		813155C929CA21D0007A8532 = {
			isa = PBXGroup;
			children = (
				813155D429CA21D0007A8532 /* food ordering */,
				813155E529CA21D3007A8532 /* food orderingTests */,
				813155EF29CA21D3007A8532 /* food orderingUITests */,
				813155D329CA21D0007A8532 /* Products */,
			);
			sourceTree = "<group>";
		};
		813155D329CA21D0007A8532 /* Products */ = {
			isa = PBXGroup;
			children = (
				813155D229CA21D0007A8532 /* food ordering.app */,
				813155E229CA21D3007A8532 /* food orderingTests.xctest */,
				813155EC29CA21D3007A8532 /* food orderingUITests.xctest */,
			);
			name = Products;
			sourceTree = "<group>";
		};
		813155D429CA21D0007A8532 /* food ordering */ = {
			isa = PBXGroup;
			children = (
				8131560429D4484B007A8532 /* fooditem.json */,
				813155D529CA21D0007A8532 /* food_orderingApp.swift */,
				813155D729CA21D0007A8532 /* ContentView.swift */,
				813155D929CA21D2007A8532 /* Assets.xcassets */,
				813155DB29CA21D2007A8532 /* Preview Content */,
			);
			path = "food ordering";
			sourceTree = "<group>";
		};
		813155DB29CA21D2007A8532 /* Preview Content */ = {
			isa = PBXGroup;
			children = (
				813155DC29CA21D2007A8532 /* Preview Assets.xcassets */,
			);
			path = "Preview Content";
			sourceTree = "<group>";
		};
		813155E529CA21D3007A8532 /* food orderingTests */ = {
			isa = PBXGroup;
			children = (
				813155E629CA21D3007A8532 /* food_orderingTests.swift */,
			);
			path = "food orderingTests";
			sourceTree = "<group>";
		};
		813155EF29CA21D3007A8532 /* food orderingUITests */ = {
			isa = PBXGroup;
			children = (
				813155F029CA21D3007A8532 /* food_orderingUITests.swift */,
				813155F229CA21D3007A8532 /* food_orderingUITestsLaunchTests.swift */,
			);
			path = "food orderingUITests";
			sourceTree = "<group>";
		};
/* End PBXGroup section */

/* Begin PBXNativeTarget section */
		813155D129CA21D0007A8532 /* food ordering */ = {
			isa = PBXNativeTarget;
			buildConfigurationList = 813155F629CA21D3007A8532 /* Build configuration list for PBXNativeTarget "food ordering" */;
			buildPhases = (
				813155CE29CA21D0007A8532 /* Sources */,
				813155CF29CA21D0007A8532 /* Frameworks */,
				813155D029CA21D0007A8532 /* Resources */,
			);
			buildRules = (
			);
			dependencies = (
			);
			name = "food ordering";
			productName = "food ordering";
			productReference = 813155D229CA21D0007A8532 /* food ordering.app */;
			productType = "com.apple.product-type.application";
		};
		813155E129CA21D3007A8532 /* food orderingTests */ = {
			isa = PBXNativeTarget;
			buildConfigurationList = 813155F929CA21D3007A8532 /* Build configuration list for PBXNativeTarget "food orderingTests" */;
			buildPhases = (
				813155DE29CA21D3007A8532 /* Sources */,
				813155DF29CA21D3007A8532 /* Frameworks */,
				813155E029CA21D3007A8532 /* Resources */,
			);
			buildRules = (
			);
			dependencies = (
				813155E429CA21D3007A8532 /* PBXTargetDependency */,
			);
			name = "food orderingTests";
			productName = "food orderingTests";
			productReference = 813155E229CA21D3007A8532 /* food orderingTests.xctest */;
			productType = "com.apple.product-type.bundle.unit-test";
		};
		813155EB29CA21D3007A8532 /* food orderingUITests */ = {
			isa = PBXNativeTarget;
			buildConfigurationList = 813155FC29CA21D3007A8532 /* Build configuration list for PBXNativeTarget "food orderingUITests" */;
			buildPhases = (
				813155E829CA21D3007A8532 /* Sources */,
				813155E929CA21D3007A8532 /* Frameworks */,
				813155EA29CA21D3007A8532 /* Resources */,
			);
			buildRules = (
			);
			dependencies = (
				813155EE29CA21D3007A8532 /* PBXTargetDependency */,
			);
			name = "food orderingUITests";
			productName = "food orderingUITests";
			productReference = 813155EC29CA21D3007A8532 /* food orderingUITests.xctest */;
			productType = "com.apple.product-type.bundle.ui-testing";
		};
/* End PBXNativeTarget section */

/* Begin PBXProject section */
		813155CA29CA21D0007A8532 /* Project object */ = {
			isa = PBXProject;
			attributes = {
				BuildIndependentTargetsInParallel = 1;
				LastSwiftUpdateCheck = 1420;
				LastUpgradeCheck = 1420;
				TargetAttributes = {
					813155D129CA21D0007A8532 = {
						CreatedOnToolsVersion = 14.2;
					};
					813155E129CA21D3007A8532 = {
						CreatedOnToolsVersion = 14.2;
						TestTargetID = 813155D129CA21D0007A8532;
					};
					813155EB29CA21D3007A8532 = {
						CreatedOnToolsVersion = 14.2;
						TestTargetID = 813155D129CA21D0007A8532;
					};
				};
			};
			buildConfigurationList = 813155CD29CA21D0007A8532 /* Build configuration list for PBXProject "food ordering" */;
			compatibilityVersion = "Xcode 14.0";
			developmentRegion = en;
			hasScannedForEncodings = 0;
			knownRegions = (
				en,
				Base,
			);
			mainGroup = 813155C929CA21D0007A8532;
			productRefGroup = 813155D329CA21D0007A8532 /* Products */;
			projectDirPath = "";
			projectRoot = "";
			targets = (
				813155D129CA21D0007A8532 /* food ordering */,
				813155E129CA21D3007A8532 /* food orderingTests */,
				813155EB29CA21D3007A8532 /* food orderingUITests */,
			);
		};
/* End PBXProject section */

/* Begin PBXResourcesBuildPhase section */
		813155D029CA21D0007A8532 /* Resources */ = {
			isa = PBXResourcesBuildPhase;
			buildActionMask = 2147483647;
			files = (
				813155DD29CA21D2007A8532 /* Preview Assets.xcassets in Resources */,
				8131560529D4484B007A8532 /* fooditem.json in Resources */,
				813155DA29CA21D2007A8532 /* Assets.xcassets in Resources */,
			);
			runOnlyForDeploymentPostprocessing = 0;
		};
		813155E029CA21D3007A8532 /* Resources */ = {
			isa = PBXResourcesBuildPhase;
			buildActionMask = 2147483647;
			files = (
			);
			runOnlyForDeploymentPostprocessing = 0;
		};
		813155EA29CA21D3007A8532 /* Resources */ = {
			isa = PBXResourcesBuildPhase;
			buildActionMask = 2147483647;
			files = (
			);
			runOnlyForDeploymentPostprocessing = 0;
		};
/* End PBXResourcesBuildPhase section */

/* Begin PBXSourcesBuildPhase section */
		813155CE29CA21D0007A8532 /* Sources */ = {
			isa = PBXSourcesBuildPhase;
			buildActionMask = 2147483647;
			files = (
				813155D829CA21D0007A8532 /* ContentView.swift in Sources */,
				813155D629CA21D0007A8532 /* food_orderingApp.swift in Sources */,
			);
			runOnlyForDeploymentPostprocessing = 0;
		};
		813155DE29CA21D3007A8532 /* Sources */ = {
			isa = PBXSourcesBuildPhase;
			buildActionMask = 2147483647;
			files = (
				813155E729CA21D3007A8532 /* food_orderingTests.swift in Sources */,
			);
			runOnlyForDeploymentPostprocessing = 0;
		};
		813155E829CA21D3007A8532 /* Sources */ = {
			isa = PBXSourcesBuildPhase;
			buildActionMask = 2147483647;
			files = (
				813155F329CA21D3007A8532 /* food_orderingUITestsLaunchTests.swift in Sources */,
				813155F129CA21D3007A8532 /* food_orderingUITests.swift in Sources */,
			);
			runOnlyForDeploymentPostprocessing = 0;
		};
/* End PBXSourcesBuildPhase section */

/* Begin PBXTargetDependency section */
		813155E429CA21D3007A8532 /* PBXTargetDependency */ = {
			isa = PBXTargetDependency;
			target = 813155D129CA21D0007A8532 /* food ordering */;
			targetProxy = 813155E329CA21D3007A8532 /* PBXContainerItemProxy */;
		};
		813155EE29CA21D3007A8532 /* PBXTargetDependency */ = {
			isa = PBXTargetDependency;
			target = 813155D129CA21D0007A8532 /* food ordering */;
			targetProxy = 813155ED29CA21D3007A8532 /* PBXContainerItemProxy */;
		};
/* End PBXTargetDependency section */

/* Begin XCBuildConfiguration section */
		813155F429CA21D3007A8532 /* Debug */ = {
			isa = XCBuildConfiguration;
			buildSettings = {
				ALWAYS_SEARCH_USER_PATHS = NO;
				CLANG_ANALYZER_NONNULL = YES;
				CLANG_ANALYZER_NUMBER_OBJECT_CONVERSION = YES_AGGRESSIVE;
				CLANG_CXX_LANGUAGE_STANDARD = "gnu++20";
				CLANG_ENABLE_MODULES = YES;
				CLANG_ENABLE_OBJC_ARC = YES;
				CLANG_ENABLE_OBJC_WEAK = YES;
				CLANG_WARN_BLOCK_CAPTURE_AUTORELEASING = YES;
				CLANG_WARN_BOOL_CONVERSION = YES;
				CLANG_WARN_COMMA = YES;
				CLANG_WARN_CONSTANT_CONVERSION = YES;
				CLANG_WARN_DEPRECATED_OBJC_IMPLEMENTATIONS = YES;
				CLANG_WARN_DIRECT_OBJC_ISA_USAGE = YES_ERROR;
				CLANG_WARN_DOCUMENTATION_COMMENTS = YES;
				CLANG_WARN_EMPTY_BODY = YES;
				CLANG_WARN_ENUM_CONVERSION = YES;
				CLANG_WARN_INFINITE_RECURSION = YES;
				CLANG_WARN_INT_CONVERSION = YES;
				CLANG_WARN_NON_LITERAL_NULL_CONVERSION = YES;
				CLANG_WARN_OBJC_IMPLICIT_RETAIN_SELF = YES;
				CLANG_WARN_OBJC_LITERAL_CONVERSION = YES;
				CLANG_WARN_OBJC_ROOT_CLASS = YES_ERROR;
				CLANG_WARN_QUOTED_INCLUDE_IN_FRAMEWORK_HEADER = YES;
				CLANG_WARN_RANGE_LOOP_ANALYSIS = YES;
				CLANG_WARN_STRICT_PROTOTYPES = YES;
				CLANG_WARN_SUSPICIOUS_MOVE = YES;
				CLANG_WARN_UNGUARDED_AVAILABILITY = YES_AGGRESSIVE;
				CLANG_WARN_UNREACHABLE_CODE = YES;
				CLANG_WARN__DUPLICATE_METHOD_MATCH = YES;
				COPY_PHASE_STRIP = NO;
				DEBUG_INFORMATION_FORMAT = dwarf;
				ENABLE_STRICT_OBJC_MSGSEND = YES;
				ENABLE_TESTABILITY = YES;
				GCC_C_LANGUAGE_STANDARD = gnu11;
				GCC_DYNAMIC_NO_PIC = NO;
				GCC_NO_COMMON_BLOCKS = YES;
				GCC_OPTIMIZATION_LEVEL = 0;
				GCC_PREPROCESSOR_DEFINITIONS = (
					"DEBUG=1",
					"$(inherited)",
				);
				GCC_WARN_64_TO_32_BIT_CONVERSION = YES;
				GCC_WARN_ABOUT_RETURN_TYPE = YES_ERROR;
				GCC_WARN_UNDECLARED_SELECTOR = YES;
				GCC_WARN_UNINITIALIZED_AUTOS = YES_AGGRESSIVE;
				GCC_WARN_UNUSED_FUNCTION = YES;
				GCC_WARN_UNUSED_VARIABLE = YES;
				IPHONEOS_DEPLOYMENT_TARGET = 16.2;
				MTL_ENABLE_DEBUG_INFO = INCLUDE_SOURCE;
				MTL_FAST_MATH = YES;
				ONLY_ACTIVE_ARCH = YES;
				SDKROOT = iphoneos;
				SWIFT_ACTIVE_COMPILATION_CONDITIONS = DEBUG;
				SWIFT_OPTIMIZATION_LEVEL = "-Onone";
			};
			name = Debug;
		};
		813155F529CA21D3007A8532 /* Release */ = {
			isa = XCBuildConfiguration;
			buildSettings = {
				ALWAYS_SEARCH_USER_PATHS = NO;
				CLANG_ANALYZER_NONNULL = YES;
				CLANG_ANALYZER_NUMBER_OBJECT_CONVERSION = YES_AGGRESSIVE;
				CLANG_CXX_LANGUAGE_STANDARD = "gnu++20";
				CLANG_ENABLE_MODULES = YES;
				CLANG_ENABLE_OBJC_ARC = YES;
				CLANG_ENABLE_OBJC_WEAK = YES;
				CLANG_WARN_BLOCK_CAPTURE_AUTORELEASING = YES;
				CLANG_WARN_BOOL_CONVERSION = YES;
				CLANG_WARN_COMMA = YES;
				CLANG_WARN_CONSTANT_CONVERSION = YES;
				CLANG_WARN_DEPRECATED_OBJC_IMPLEMENTATIONS = YES;
				CLANG_WARN_DIRECT_OBJC_ISA_USAGE = YES_ERROR;
				CLANG_WARN_DOCUMENTATION_COMMENTS = YES;
				CLANG_WARN_EMPTY_BODY = YES;
				CLANG_WARN_ENUM_CONVERSION = YES;
				CLANG_WARN_INFINITE_RECURSION = YES;
				CLANG_WARN_INT_CONVERSION = YES;
				CLANG_WARN_NON_LITERAL_NULL_CONVERSION = YES;
				CLANG_WARN_OBJC_IMPLICIT_RETAIN_SELF = YES;
				CLANG_WARN_OBJC_LITERAL_CONVERSION = YES;
				CLANG_WARN_OBJC_ROOT_CLASS = YES_ERROR;
				CLANG_WARN_QUOTED_INCLUDE_IN_FRAMEWORK_HEADER = YES;
				CLANG_WARN_RANGE_LOOP_ANALYSIS = YES;
				CLANG_WARN_STRICT_PROTOTYPES = YES;
				CLANG_WARN_SUSPICIOUS_MOVE = YES;
				CLANG_WARN_UNGUARDED_AVAILABILITY = YES_AGGRESSIVE;
				CLANG_WARN_UNREACHABLE_CODE = YES;
				CLANG_WARN__DUPLICATE_METHOD_MATCH = YES;
				COPY_PHASE_STRIP = NO;
				DEBUG_INFORMATION_FORMAT = "dwarf-with-dsym";
				ENABLE_NS_ASSERTIONS = NO;
				ENABLE_STRICT_OBJC_MSGSEND = YES;
				GCC_C_LANGUAGE_STANDARD = gnu11;
				GCC_NO_COMMON_BLOCKS = YES;
				GCC_WARN_64_TO_32_BIT_CONVERSION = YES;
				GCC_WARN_ABOUT_RETURN_TYPE = YES_ERROR;
				GCC_WARN_UNDECLARED_SELECTOR = YES;
				GCC_WARN_UNINITIALIZED_AUTOS = YES_AGGRESSIVE;
				GCC_WARN_UNUSED_FUNCTION = YES;
				GCC_WARN_UNUSED_VARIABLE = YES;
				IPHONEOS_DEPLOYMENT_TARGET = 16.2;
				MTL_ENABLE_DEBUG_INFO = NO;
				MTL_FAST_MATH = YES;
				SDKROOT = iphoneos;
				SWIFT_COMPILATION_MODE = wholemodule;
				SWIFT_OPTIMIZATION_LEVEL = "-O";
				VALIDATE_PRODUCT = YES;
			};
			name = Release;
		};
		813155F729CA21D3007A8532 /* Debug */ = {
			isa = XCBuildConfiguration;
			buildSettings = {
				ASSETCATALOG_COMPILER_APPICON_NAME = AppIcon;
				ASSETCATALOG_COMPILER_GLOBAL_ACCENT_COLOR_NAME = AccentColor;
				CODE_SIGN_STYLE = Automatic;
				CURRENT_PROJECT_VERSION = 1;
				DEVELOPMENT_ASSET_PATHS = "\"food ordering/Preview Content\"";
				DEVELOPMENT_TEAM = XF476NAEZJ;
				ENABLE_PREVIEWS = YES;
				GENERATE_INFOPLIST_FILE = YES;
				INFOPLIST_KEY_UIApplicationSceneManifest_Generation = YES;
				INFOPLIST_KEY_UIApplicationSupportsIndirectInputEvents = YES;
				INFOPLIST_KEY_UILaunchScreen_Generation = YES;
				INFOPLIST_KEY_UISupportedInterfaceOrientations_iPad = "UIInterfaceOrientationPortrait UIInterfaceOrientationPortraitUpsideDown UIInterfaceOrientationLandscapeLeft UIInterfaceOrientationLandscapeRight";
				INFOPLIST_KEY_UISupportedInterfaceOrientations_iPhone = "UIInterfaceOrientationPortrait UIInterfaceOrientationLandscapeLeft UIInterfaceOrientationLandscapeRight";
				LD_RUNPATH_SEARCH_PATHS = (
					"$(inherited)",
					"@executable_path/Frameworks",
				);
				MARKETING_VERSION = 1.0;
				PRODUCT_BUNDLE_IDENTIFIER = "lucascagliotti.food-ordering";
				PRODUCT_NAME = "$(TARGET_NAME)";
				SWIFT_EMIT_LOC_STRINGS = YES;
				SWIFT_VERSION = 5.0;
				TARGETED_DEVICE_FAMILY = "1,2";
			};
			name = Debug;
		};
		813155F829CA21D3007A8532 /* Release */ = {
			isa = XCBuildConfiguration;
			buildSettings = {
				ASSETCATALOG_COMPILER_APPICON_NAME = AppIcon;
				ASSETCATALOG_COMPILER_GLOBAL_ACCENT_COLOR_NAME = AccentColor;
				CODE_SIGN_STYLE = Automatic;
				CURRENT_PROJECT_VERSION = 1;
				DEVELOPMENT_ASSET_PATHS = "\"food ordering/Preview Content\"";
				DEVELOPMENT_TEAM = XF476NAEZJ;
				ENABLE_PREVIEWS = YES;
				GENERATE_INFOPLIST_FILE = YES;
				INFOPLIST_KEY_UIApplicationSceneManifest_Generation = YES;
				INFOPLIST_KEY_UIApplicationSupportsIndirectInputEvents = YES;
				INFOPLIST_KEY_UILaunchScreen_Generation = YES;
				INFOPLIST_KEY_UISupportedInterfaceOrientations_iPad = "UIInterfaceOrientationPortrait UIInterfaceOrientationPortraitUpsideDown UIInterfaceOrientationLandscapeLeft UIInterfaceOrientationLandscapeRight";
				INFOPLIST_KEY_UISupportedInterfaceOrientations_iPhone = "UIInterfaceOrientationPortrait UIInterfaceOrientationLandscapeLeft UIInterfaceOrientationLandscapeRight";
				LD_RUNPATH_SEARCH_PATHS = (
					"$(inherited)",
					"@executable_path/Frameworks",
				);
				MARKETING_VERSION = 1.0;
				PRODUCT_BUNDLE_IDENTIFIER = "lucascagliotti.food-ordering";
				PRODUCT_NAME = "$(TARGET_NAME)";
				SWIFT_EMIT_LOC_STRINGS = YES;
				SWIFT_VERSION = 5.0;
				TARGETED_DEVICE_FAMILY = "1,2";
			};
			name = Release;
		};
		813155FA29CA21D3007A8532 /* Debug */ = {
			isa = XCBuildConfiguration;
			buildSettings = {
				ALWAYS_EMBED_SWIFT_STANDARD_LIBRARIES = YES;
				BUNDLE_LOADER = "$(TEST_HOST)";
				CODE_SIGN_STYLE = Automatic;
				CURRENT_PROJECT_VERSION = 1;
				DEVELOPMENT_TEAM = XF476NAEZJ;
				GENERATE_INFOPLIST_FILE = YES;
				IPHONEOS_DEPLOYMENT_TARGET = 16.2;
				MARKETING_VERSION = 1.0;
				PRODUCT_BUNDLE_IDENTIFIER = "lucascagliotti.food-orderingTests";
				PRODUCT_NAME = "$(TARGET_NAME)";
				SWIFT_EMIT_LOC_STRINGS = NO;
				SWIFT_VERSION = 5.0;
				TARGETED_DEVICE_FAMILY = "1,2";
				TEST_HOST = "$(BUILT_PRODUCTS_DIR)/food ordering.app/$(BUNDLE_EXECUTABLE_FOLDER_PATH)/food ordering";
			};
			name = Debug;
		};
		813155FB29CA21D3007A8532 /* Release */ = {
			isa = XCBuildConfiguration;
			buildSettings = {
				ALWAYS_EMBED_SWIFT_STANDARD_LIBRARIES = YES;
				BUNDLE_LOADER = "$(TEST_HOST)";
				CODE_SIGN_STYLE = Automatic;
				CURRENT_PROJECT_VERSION = 1;
				DEVELOPMENT_TEAM = XF476NAEZJ;
				GENERATE_INFOPLIST_FILE = YES;
				IPHONEOS_DEPLOYMENT_TARGET = 16.2;
				MARKETING_VERSION = 1.0;
				PRODUCT_BUNDLE_IDENTIFIER = "lucascagliotti.food-orderingTests";
				PRODUCT_NAME = "$(TARGET_NAME)";
				SWIFT_EMIT_LOC_STRINGS = NO;
				SWIFT_VERSION = 5.0;
				TARGETED_DEVICE_FAMILY = "1,2";
				TEST_HOST = "$(BUILT_PRODUCTS_DIR)/food ordering.app/$(BUNDLE_EXECUTABLE_FOLDER_PATH)/food ordering";
			};
			name = Release;
		};
		813155FD29CA21D3007A8532 /* Debug */ = {
			isa = XCBuildConfiguration;
			buildSettings = {
				ALWAYS_EMBED_SWIFT_STANDARD_LIBRARIES = YES;
				CODE_SIGN_STYLE = Automatic;
				CURRENT_PROJECT_VERSION = 1;
				DEVELOPMENT_TEAM = XF476NAEZJ;
				GENERATE_INFOPLIST_FILE = YES;
				MARKETING_VERSION = 1.0;
				PRODUCT_BUNDLE_IDENTIFIER = "lucascagliotti.food-orderingUITests";
				PRODUCT_NAME = "$(TARGET_NAME)";
				SWIFT_EMIT_LOC_STRINGS = NO;
				SWIFT_VERSION = 5.0;
				TARGETED_DEVICE_FAMILY = "1,2";
				TEST_TARGET_NAME = "food ordering";
			};
			name = Debug;
		};
		813155FE29CA21D3007A8532 /* Release */ = {
			isa = XCBuildConfiguration;
			buildSettings = {
				ALWAYS_EMBED_SWIFT_STANDARD_LIBRARIES = YES;
				CODE_SIGN_STYLE = Automatic;
				CURRENT_PROJECT_VERSION = 1;
				DEVELOPMENT_TEAM = XF476NAEZJ;
				GENERATE_INFOPLIST_FILE = YES;
				MARKETING_VERSION = 1.0;
				PRODUCT_BUNDLE_IDENTIFIER = "lucascagliotti.food-orderingUITests";
				PRODUCT_NAME = "$(TARGET_NAME)";
				SWIFT_EMIT_LOC_STRINGS = NO;
				SWIFT_VERSION = 5.0;
				TARGETED_DEVICE_FAMILY = "1,2";
				TEST_TARGET_NAME = "food ordering";
			};
			name = Release;
		};
/* End XCBuildConfiguration section */

/* Begin XCConfigurationList section */
		813155CD29CA21D0007A8532 /* Build configuration list for PBXProject "food ordering" */ = {
			isa = XCConfigurationList;
			buildConfigurations = (
				813155F429CA21D3007A8532 /* Debug */,
				813155F529CA21D3007A8532 /* Release */,
			);
			defaultConfigurationIsVisible = 0;
			defaultConfigurationName = Release;
		};
		813155F629CA21D3007A8532 /* Build configuration list for PBXNativeTarget "food ordering" */ = {
			isa = XCConfigurationList;
			buildConfigurations = (
				813155F729CA21D3007A8532 /* Debug */,
				813155F829CA21D3007A8532 /* Release */,
			);
			defaultConfigurationIsVisible = 0;
			defaultConfigurationName = Release;
		};
		813155F929CA21D3007A8532 /* Build configuration list for PBXNativeTarget "food orderingTests" */ = {
			isa = XCConfigurationList;
			buildConfigurations = (
				813155FA29CA21D3007A8532 /* Debug */,
				813155FB29CA21D3007A8532 /* Release */,
			);
			defaultConfigurationIsVisible = 0;
			defaultConfigurationName = Release;
		};
		813155FC29CA21D3007A8532 /* Build configuration list for PBXNativeTarget "food orderingUITests" */ = {
			isa = XCConfigurationList;
			buildConfigurations = (
				813155FD29CA21D3007A8532 /* Debug */,
				813155FE29CA21D3007A8532 /* Release */,
			);
			defaultConfigurationIsVisible = 0;
			defaultConfigurationName = Release;
		};
/* End XCConfigurationList section */
	};
	rootObject = 813155CA29CA21D0007A8532 /* Project object */;
}
